hash: 7e94fcaba10efa96d8b4f69b4de027c397486b92f500a0d71523cba6f9f6bfed
updated: 2017-07-05T13:50:14.240565466-04:00
imports:
- name: github.com/DataDog/datadog-go
  version: 909c02b65dd8a52e8fa6072db9752a112227cf21
  subpackages:
  - statsd
- name: github.com/fatih/color
  version: dea9d3a26a087187530244679c1cfb3a42937794
- name: github.com/google/gopacket
  version: b83f94714c36e30ce851be1d5a0a5226f9f1bca4
  subpackages:
  - layers
- name: github.com/jawher/mow.cli
  version: 772320464101e904cd51198160eb4d489be9cc49
- name: github.com/mattn/go-colorable
  version: 9056b7a9f2d1f2d96498d6d146acd1f9d5ed3d59
- name: github.com/mattn/go-isatty
  version: 56b76bdf51f7708750eac80fa38b952bb9f32639
- name: github.com/miekg/dns
  version: 5d001d020961ae1c184f9f8152fdc73810481677
- name: github.com/pkg/errors
  version: ff09b135c25aae272398c51a07235b90a75aa4f0
- name: github.com/spacemonkeygo/monotime
  version: cdd56516a92a4dc680379a26524c9c3d59d79ec0
  subpackages:
  - _cgo
- name: github.com/uber-go/zap
  version: 9cabc84638b70e564c3dab2766efcb1ded2aac9f
  subpackages:
  - zapcore
- name: github.com/uber/uber-licence
  version: e35b7f99af2d110505bc81d8a9449dafaa326730
- name: go.uber.org/atomic
  version: 4e336646b2ef9fc6e47be8e21594178f98e5ebcf
- name: go.uber.org/zap
  version: 6a4e056f2cc954cfec3581729e758909604b3f76
  subpackages:
  - buffer
  - internal/bufferpool
  - internal/color
  - internal/exit
  - internal/multierror
  - zapcore
- name: golang.org/x/net
  version: 570fa1c91359c1869590e9cedf3b53162a51a167
  subpackages:
  - bpf
- name: golang.org/x/sys
  version: d4feaf1a7e61e1d9e79e6c4e76c6349e9cab0a03
  subpackages:
  - unix
- name: gopkg.in/validator.v2
  version: 3e4f037f12a1221a0864cf0dd2e81c452ab22448
- name: gopkg.in/yaml.v2
  version: a83829b6f1293c91addabc89d0571c246397bbf4
testImports:
- name: github.com/davecgh/go-spew
  version: 6d212800a42e8ab5c146b8ace3490ee17e5225f9
  subpackages:
  - spew
- name: github.com/pmezard/go-difflib
  version: d8ed2627bdf02c080bf22230dbb337003b7aba2d
  subpackages:
  - difflib
- name: github.com/stretchr/testify
  version: 69483b4bd14f5845b5a1e55bca19e954e827f1d0
  subpackages:
  - assert
  - require
